# THIS IS AN AUTOGENERATED FILE. DO NOT EDIT THIS FILE DIRECTLY.
# yarn lockfile v1


"analyticstracker@bitbucket.org:xploregroup/xploregroup-webanalytics-analyticstracker.git":
  version "0.1.0"
  resolved "bitbucket.org:xploregroup/xploregroup-webanalytics-analyticstracker.git#e69e5e1b32fe93c01dd321f29d02e6224b4c164b"
  dependencies:
    mediator-js "^0.9.8"

mediator-js@^0.9.8:
  version "0.9.9"
  resolved "https://registry.yarnpkg.com/mediator-js/-/mediator-js-0.9.9.tgz#497e29d02dfb14738b512eccd6f93286b2c365db"
